<?xml version="1.0" encoding="UTF-8" standalone="yes" ?>
<CodeBlocks_project_file>
	<FileVersion major="1" minor="6" />
	<Project>
		<Option title="cgame_missionpack" />
		<Option pch_mode="2" />
		<Option compiler="gcc" />
		<Build>
			<Target title="Release Win32">
				<Option platforms="Windows;" />
				<Option output="../../build/release-codeblocks-x86/missionpack/cgamex86.dll" prefix_auto="0" extension_auto="0" />
				<Option object_output="../../build/release-codeblocks-x86/missionpack/cgame" />
				<Option type="3" />
				<Option compiler="gcc" />
				<Compiler>
					<Add option="-O2" />
					<Add option="-Wall" />
					<Add option="-m32" />
					<Add option="-DCGAME" />
					<Add option="-DNDEBUG" />
					<Add option="-DMISSIONPACK" />
					<Add option="-DMISSIONPACK_HUD" />
				</Compiler>
				<Linker>
					<Add option="-m32" />
				</Linker>
			</Target>
			<Target title="Debug Win32">
				<Option platforms="Windows;" />
				<Option output="../../build/debug-codeblocks-x86/missionpack/cgamex86.dll" prefix_auto="0" extension_auto="0" />
				<Option object_output="../../build/debug-codeblocks-x86/missionpack/cgame" />
				<Option type="3" />
				<Option compiler="gcc" />
				<Compiler>
					<Add option="-g" />
					<Add option="-m32" />
					<Add option="-O0" />
					<Add option="-DCGAME" />
					<Add option="-DMISSIONPACK" />
					<Add option="-DMISSIONPACK_HUD" />
				</Compiler>
				<Linker>
					<Add option="-m32" />
				</Linker>
			</Target>
			<Target title="Release Linux x86">
				<Option platforms="Unix;" />
				<Option output="../../build/release-codeblocks-x86/missionpack/cgamex86.so" prefix_auto="0" extension_auto="0" />
				<Option object_output="../../build/release-codeblocks-x86/missionpack/cgame" />
				<Option type="3" />
				<Option compiler="gcc" />
				<Compiler>
					<Add option="-O2" />
					<Add option="-Wall" />
					<Add option="-fPIC" />
					<Add option="-DCGAME" />
					<Add option="-DNDEBUG" />
					<Add option="-DMISSIONPACK" />
					<Add option="-DMISSIONPACK_HUD" />
				</Compiler>
			</Target>
			<Target title="Debug Linux x86">
				<Option platforms="Unix;" />
				<Option output="../../build/debug-codeblocks-x86/missionpack/cgamex86.so" prefix_auto="0" extension_auto="0" />
				<Option object_output="../../build/debug-codeblocks-x86/missionpack/cgame" />
				<Option type="3" />
				<Option compiler="gcc" />
				<Compiler>
					<Add option="-g" />
					<Add option="-fPIC" />
					<Add option="-O0" />
					<Add option="-DCGAME" />
					<Add option="-DMISSIONPACK" />
					<Add option="-DMISSIONPACK_HUD" />
				</Compiler>
			</Target>
			<Target title="Release Linux x86_64">
				<Option platforms="Unix;" />
				<Option output="../../build/release-codeblocks-x86_64/missionpack/cgamex86_64.so" prefix_auto="0" extension_auto="0" />
				<Option object_output="../../build/release-codeblocks-x86_64/missionpack/cgame" />
				<Option type="3" />
				<Option compiler="gcc" />
				<Compiler>
					<Add option="-O2" />
					<Add option="-Wall" />
					<Add option="-fPIC" />
					<Add option="-DCGAME" />
					<Add option="-DNDEBUG" />
					<Add option="-DMISSIONPACK" />
					<Add option="-DMISSIONPACK_HUD" />
				</Compiler>
			</Target>
			<Target title="Debug Linux x86_64">
				<Option platforms="Unix;" />
				<Option output="../../build/debug-codeblocks-x86_64/missionpack/cgamex86_64.so" prefix_auto="0" extension_auto="0" />
				<Option object_output="../../build/debug-codeblocks-x86_64/missionpack/cgame" />
				<Option type="3" />
				<Option compiler="gcc" />
				<Compiler>
					<Add option="-g" />
					<Add option="-fPIC" />
					<Add option="-O0" />
					<Add option="-DCGAME" />
					<Add option="-DMISSIONPACK" />
					<Add option="-DMISSIONPACK_HUD" />
				</Compiler>
			</Target>
		</Build>
		<Compiler>
			<Add option="-Wall" />
			<Add option="-Wformat=2" />
			<Add option="-Wno-format-zero-length" />
			<Add option="-Wformat-security" />
			<Add option="-Wno-format-nonliteral" />
			<Add option="-Wstrict-aliasing=2" />
			<Add option="-Wmissing-format-attribute" />
			<Add option="-Wdisabled-optimization" />
			<Add option="-Werror-implicit-function-declaration" />
			<Add option="-fno-strict-aliasing" />
		</Compiler>
		<Unit filename="../../code/cgame/cg_atmospheric.c">
			<Option compilerVar="CC" />
		</Unit>
		<Unit filename="../../code/cgame/cg_console.c">
			<Option compilerVar="CC" />
		</Unit>
		<Unit filename="../../code/cgame/cg_consolecmds.c">
			<Option compilerVar="CC" />
		</Unit>
		<Unit filename="../../code/cgame/cg_draw.c">
			<Option compilerVar="CC" />
		</Unit>
		<Unit filename="../../code/cgame/cg_drawtools.c">
			<Option compilerVar="CC" />
		</Unit>
		<Unit filename="../../code/cgame/cg_effects.c">
			<Option compilerVar="CC" />
		</Unit>
		<Unit filename="../../code/cgame/cg_ents.c">
			<Option compilerVar="CC" />
		</Unit>
		<Unit filename="../../code/cgame/cg_event.c">
			<Option compilerVar="CC" />
		</Unit>
		<Unit filename="../../code/cgame/cg_field.c">
			<Option compilerVar="CC" />
		</Unit>
		<Unit filename="../../code/cgame/cg_info.c">
			<Option compilerVar="CC" />
		</Unit>
		<Unit filename="../../code/cgame/cg_input.c">
			<Option compilerVar="CC" />
		</Unit>
		<Unit filename="../../code/cgame/cg_local.h" />
		<Unit filename="../../code/cgame/cg_localents.c">
			<Option compilerVar="CC" />
		</Unit>
		<Unit filename="../../code/cgame/cg_main.c">
			<Option compilerVar="CC" />
		</Unit>
		<Unit filename="../../code/cgame/cg_marks.c">
			<Option compilerVar="CC" />
		</Unit>
		<Unit filename="../../code/cgame/cg_newdraw.c">
			<Option compilerVar="CC" />
		</Unit>
		<Unit filename="../../code/cgame/cg_particles.c">
			<Option compilerVar="CC" />
		</Unit>
		<Unit filename="../../code/cgame/cg_players.c">
			<Option compilerVar="CC" />
		</Unit>
		<Unit filename="../../code/cgame/cg_playerstate.c">
			<Option compilerVar="CC" />
		</Unit>
		<Unit filename="../../code/cgame/cg_polybus.c">
			<Option compilerVar="CC" />
		</Unit>
		<Unit filename="../../code/cgame/cg_predict.c">
			<Option compilerVar="CC" />
		</Unit>
		<Unit filename="../../code/cgame/cg_public.h" />
		<Unit filename="../../code/cgame/cg_scoreboard.c">
			<Option compilerVar="CC" />
		</Unit>
		<Unit filename="../../code/cgame/cg_servercmds.c">
			<Option compilerVar="CC" />
		</Unit>
		<Unit filename="../../code/cgame/cg_snapshot.c">
			<Option compilerVar="CC" />
		</Unit>
		<Unit filename="../../code/cgame/cg_spawn.c">
			<Option compilerVar="CC" />
		</Unit>
		<Unit filename="../../code/cgame/cg_syscalls.c">
			<Option compilerVar="CC" />
		</Unit>
		<Unit filename="../../code/cgame/cg_syscalls.h" />
		<Unit filename="../../code/cgame/cg_view.c">
			<Option compilerVar="CC" />
		</Unit>
		<Unit filename="../../code/cgame/cg_weapons.c">
			<Option compilerVar="CC" />
		</Unit>
		<Unit filename="../../code/game/bg_lib.c">
			<Option compilerVar="CC" />
			<Option target="&lt;{~None~}&gt;" />
		</Unit>
		<Unit filename="../../code/game/bg_lib.h" />
		<Unit filename="../../code/game/bg_misc.c">
			<Option compilerVar="CC" />
		</Unit>
		<Unit filename="../../code/game/bg_misc.h" />
		<Unit filename="../../code/game/bg_pmove.c">
			<Option compilerVar="CC" />
		</Unit>
		<Unit filename="../../code/game/bg_slidemove.c">
			<Option compilerVar="CC" />
		</Unit>
		<Unit filename="../../code/game/bg_tracemap.c">
			<Option compilerVar="CC" />
		</Unit>
		<Unit filename="../../code/qcommon/q_math.c">
			<Option compilerVar="CC" />
		</Unit>
		<Unit filename="../../code/qcommon/q_shared.c">
			<Option compilerVar="CC" />
		</Unit>
		<Unit filename="../../code/qcommon/q_shared.h" />
		<Unit filename="../../code/qcommon/surfaceflags.h" />
		<Unit filename="../../code/ui/ui_atoms.c">
			<Option compilerVar="CC" />
		</Unit>
		<Unit filename="../../code/ui/ui_gameinfo.c">
			<Option compilerVar="CC" />
		</Unit>
		<Unit filename="../../code/ui/ui_local.h" />
		<Unit filename="../../code/ui/ui_main.c">
			<Option compilerVar="CC" />
		</Unit>
		<Unit filename="../../code/ui/ui_players.c">
			<Option compilerVar="CC" />
		</Unit>
		<Unit filename="../../code/ui/ui_public.h" />
		<Unit filename="../../code/ui/ui_shared.c">
			<Option compilerVar="CC" />
		</Unit>
		<Unit filename="../../code/ui/ui_shared.h" />
		<Unit filename="../../ui/menudef.h" />
		<Extensions>
			<code_completion />
			<debugger />
			<envvars />
		</Extensions>
	</Project>
</CodeBlocks_project_file>
