<?xml version="1.0" encoding="UTF-8" standalone="yes" ?>
<CodeBlocks_project_file>
	<FileVersion major="1" minor="6" />
	<Project>
		<Option title="ui" />
		<Option pch_mode="2" />
		<Option compiler="gcc" />
		<Build>
			<Target title="Release Team Arena Win32">
				<Option platforms="Windows;" />
				<Option output="../../build/release-codeblocks-x86/missionpack/uix86.dll" prefix_auto="0" extension_auto="0" />
				<Option object_output="../../build/release-codeblocks-x86/missionpack/ui" />
				<Option type="3" />
				<Option compiler="gcc" />
				<Compiler>
					<Add option="-O2" />
					<Add option="-m32" />
					<Add option="-DUI" />
					<Add option="-DNDEBUG" />
					<Add option="-DMISSIONPACK" />
				</Compiler>
				<Linker>
					<Add option="-m32" />
				</Linker>
			</Target>
			<Target title="Debug Team Arena Win32">
				<Option platforms="Windows;" />
				<Option output="../../build/debug-codeblocks-x86/missionpack/uix86.dll" prefix_auto="0" extension_auto="0" />
				<Option object_output="../../build/debug-codeblocks-x86/missionpack/ui" />
				<Option type="3" />
				<Option compiler="gcc" />
				<Compiler>
					<Add option="-g" />
					<Add option="-m32" />
					<Add option="-O0" />
					<Add option="-DUI" />
					<Add option="-DMISSIONPACK" />
				</Compiler>
				<Linker>
					<Add option="-m32" />
				</Linker>
			</Target>
			<Target title="Release Team Arena Linux x86">
				<Option platforms="Unix;" />
				<Option output="../../build/release-codeblocks-x86/missionpack/uix86.so" prefix_auto="0" extension_auto="0" />
				<Option object_output="../../build/release-codeblocks-x86/missionpack/ui" />
				<Option type="3" />
				<Option compiler="gcc" />
				<Compiler>
					<Add option="-O2" />
					<Add option="-fPIC" />
					<Add option="-DUI" />
					<Add option="-DNDEBUG" />
					<Add option="-DMISSIONPACK" />
				</Compiler>
			</Target>
			<Target title="Debug Team Arena Linux x86">
				<Option platforms="Unix;" />
				<Option output="../../build/debug-codeblocks-x86/missionpack/uix86.so" prefix_auto="0" extension_auto="0" />
				<Option object_output="../../build/debug-codeblocks-x86/missionpack/ui" />
				<Option type="3" />
				<Option compiler="gcc" />
				<Compiler>
					<Add option="-g" />
					<Add option="-fPIC" />
					<Add option="-O0" />
					<Add option="-DUI" />
					<Add option="-DMISSIONPACK" />
				</Compiler>
			</Target>
			<Target title="Release Team Arena Linux x86_64">
				<Option platforms="Unix;" />
				<Option output="../../build/release-codeblocks-x86_64/missionpack/uix86_64.so" prefix_auto="0" extension_auto="0" />
				<Option object_output="../../build/release-codeblocks-x86_64/missionpack/ui" />
				<Option type="3" />
				<Option compiler="gcc" />
				<Compiler>
					<Add option="-O2" />
					<Add option="-fPIC" />
					<Add option="-DUI" />
					<Add option="-DNDEBUG" />
					<Add option="-DMISSIONPACK" />
				</Compiler>
			</Target>
			<Target title="Debug Team Arena Linux x86_64">
				<Option platforms="Unix;" />
				<Option output="../../build/debug-codeblocks-x86_64/missionpack/uix86_64.so" prefix_auto="0" extension_auto="0" />
				<Option object_output="../../build/debug-codeblocks-x86_64/missionpack/ui" />
				<Option type="3" />
				<Option compiler="gcc" />
				<Compiler>
					<Add option="-g" />
					<Add option="-fPIC" />
					<Add option="-O0" />
					<Add option="-DUI" />
					<Add option="-DMISSIONPACK" />
				</Compiler>
			</Target>
		</Build>
		<Compiler>
			<Add option="-Wall" />
			<Add option="-Wformat=2" />
			<Add option="-Wno-format-zero-length" />
			<Add option="-Wformat-security" />
			<Add option="-Wno-format-nonliteral" />
			<Add option="-Wstrict-aliasing=2" />
			<Add option="-Wmissing-format-attribute" />
			<Add option="-Wdisabled-optimization" />
			<Add option="-Werror-implicit-function-declaration" />
			<Add option="-fno-strict-aliasing" />
		</Compiler>
		<Unit filename="../../code/cgame/cg_syscalls.c">
			<Option compilerVar="CC" />
		</Unit>
		<Unit filename="../../code/cgame/cg_syscalls.h" />
		<Unit filename="../../code/client/keycodes.h" />
		<Unit filename="../../code/game/bg_lib.c">
			<Option compilerVar="CC" />
			<Option target="&lt;{~None~}&gt;" />
		</Unit>
		<Unit filename="../../code/game/bg_misc.c">
			<Option compilerVar="CC" />
		</Unit>
		<Unit filename="../../code/game/bg_misc.h" />
		<Unit filename="../../code/qcommon/q_math.c">
			<Option compilerVar="CC" />
		</Unit>
		<Unit filename="../../code/qcommon/q_shared.c">
			<Option compilerVar="CC" />
		</Unit>
		<Unit filename="../../code/qcommon/q_shared.h" />
		<Unit filename="../../code/ui/ui_atoms.c">
			<Option compilerVar="CC" />
		</Unit>
		<Unit filename="../../code/ui/ui_gameinfo.c">
			<Option compilerVar="CC" />
		</Unit>
		<Unit filename="../../code/ui/ui_local.h" />
		<Unit filename="../../code/ui/ui_main.c">
			<Option compilerVar="CC" />
		</Unit>
		<Unit filename="../../code/ui/ui_players.c">
			<Option compilerVar="CC" />
		</Unit>
		<Unit filename="../../code/ui/ui_public.h" />
		<Unit filename="../../code/ui/ui_shared.c">
			<Option compilerVar="CC" />
		</Unit>
		<Unit filename="../../code/ui/ui_shared.h" />
		<Unit filename="../../ui/menudef.h" />
		<Extensions>
			<code_completion />
			<debugger />
			<envvars />
		</Extensions>
	</Project>
</CodeBlocks_project_file>
